
Microsoft Visual Studio Solution File, Format Version 12.00
# Visual Studio Version 16
VisualStudioVersion = 16.0.29613.14
MinimumVisualStudioVersion = 10.0.40219.1
Project("{9A19103F-16F7-4668-BE54-9A1E7A4F7556}") = "Gyanisa", "Gyanisa\Gyanisa.csproj", "{948C1941-4589-48C0-8B03-8A1EAB077502}"
EndProject
Project("{2150E333-8FDC-42A3-9474-1A3956D46DE8}") = "Solution Items", "Solution Items", "{265A5B10-5E86-4D95-9157-D8B1901298A9}"
	ProjectSection(SolutionItems) = preProject
		.editorconfig = .editorconfig
	EndProjectSection
EndProject
Global
	GlobalSection(SolutionConfigurationPlatforms) = preSolution
		Debug|Any CPU = Debug|Any CPU
		Release|Any CPU = Release|Any CPU
	EndGlobalSection
	GlobalSection(ProjectConfigurationPlatforms) = postSolution
		{948C1941-4589-48C0-8B03-8A1EAB077502}.Debug|Any CPU.ActiveCfg = Debug|Any CPU
		{948C1941-4589-48C0-8B03-8A1EAB077502}.Debug|Any CPU.Build.0 = Debug|Any CPU
		{948C1941-4589-48C0-8B03-8A1EAB077502}.Release|Any CPU.ActiveCfg = Debug|Any CPU
		{948C1941-4589-48C0-8B03-8A1EAB077502}.Release|Any CPU.Build.0 = Debug|Any CPU
	EndGlobalSection
	GlobalSection(SolutionProperties) = preSolution
		HideSolutionNode = FALSE
	EndGlobalSection
	GlobalSection(ExtensibilityGlobals) = postSolution
		SolutionGuid = {2E4756EC-198F-4C21-8F2B-3E90D45B1DDD}
	EndGlobalSection
EndGlobal
